// !$*UTF8*$!
{
	archiveVersion = 1;
	classes = {
	};
	objectVersion = 46;
	objects = {

/* Begin PBXBuildFile section */
		66F091952B1C0DEC31C151D8 = {isa = PBXBuildFile; fileRef = CE7680F1A72EF80CE6F8EFC0 /* address.c */; };
		3515798456C70D227AD577BF = {isa = PBXBuildFile; fileRef = 48AB89F9616190285B6CE0D6 /* aeutil.c */; };
		9A192B4E24E7902242A8D79E = {isa = PBXBuildFile; fileRef = 8BB13422950C4743CCC0F768 /* appcdef.c */; };
		D8C8DA8D3C30A53D78823077 = {isa = PBXBuildFile; fileRef = F7060429E08EC5DB54CC7DEB /* appear_util.c */; };
		22BC297A22BE07A2E3BFE563 = {isa = PBXBuildFile; fileRef = C83089FEF3833B3A59F21302 /* appleevent.c */; };
		C58817C5ACFB8D15A8330928 = {isa = PBXBuildFile; fileRef = CC3280A2A40530221767D0C4 /* binhex.c */; };
		DEBEFB2E8CC61F4FFECCC5CD = {isa = PBXBuildFile; fileRef = 4988C275D55E83D26542C1CA /* boxact.c */; };
		840C857C2B9A5100BF274E62 = {isa = PBXBuildFile; fileRef = 1A52A7D2783B39D37ADD1BA0 /* buildtoc.c */; };
		1FB092AFA0AB5B12509C77BE = {isa = PBXBuildFile; fileRef = F3C3D3F69D9623445641009F /* color.c */; };
		85025A93E6C9B56A7DBFF849 = {isa = PBXBuildFile; fileRef = 140F6A8975872DC4FC32D49A /* colorcdef.c */; };
		3B9F893B385A30031FD977BA = {isa = PBXBuildFile; fileRef = 0C3189292E967F141DC9241D /* comp.c */; };
		D4E0C4F50FD60CEEF21D61F8 = {isa = PBXBuildFile; fileRef = F773A76D1728D1B3C437E47C /* compact.c */; };
		155C9A655A4B863681355789 = {isa = PBXBuildFile; fileRef = FAC725D7E7EF5B517DE2C385 /* cursor.c */; };
		3941B4D530EAE21A5301C319 = {isa = PBXBuildFile; fileRef = C05BD92D283789E831BDACF1 /* ends.c */; };
		F280C7A99CD75BA3D18D3BCB = {isa = PBXBuildFile; fileRef = 22EDD68D2A695BD80F541702 /* euerrors.c */; };
		29EEB5ABD50A2564C7D4493D = {isa = PBXBuildFile; fileRef = D1B2640FA46F49FDE490A113 /* filegraphic.c */; };
		1D35AE622E6042AB4D8D717A = {isa = PBXBuildFile; fileRef = 0601DA89D7D4EABE8069A57A /* fileutil.c */; };
		D761F951945A976CEF006FA2 = {isa = PBXBuildFile; fileRef = C2228157EADAF5AEB575AE21 /* FiltDefs.c */; };
		CF07F2085B0CC55FACECF97E = {isa = PBXBuildFile; fileRef = A8CC8EC6B979BC06E6237E46 /* filtmng.c */; };
		41574C05DFC7D55CA101C934 = {isa = PBXBuildFile; fileRef = 7F45F99B35C20770AFE7CE7F /* filtrun.c */; };
		5C56C3D70A46C514D2783671 = {isa = PBXBuildFile; fileRef = E65A7B56E194221D3FF5AF28 /* filtwin.c */; };
		B88C5C33B03D7B4F91318781 = {isa = PBXBuildFile; fileRef = 1254CD91F8455CA31F6CBA1F /* filt_ldef.c */; };
		2AF4C41EB67C49F005644D60 = {isa = PBXBuildFile; fileRef = E7FCA3DA862315FD1F56E418 /* find.c */; };
		1FF7C9CB04EFB845B35870B8 = {isa = PBXBuildFile; fileRef = 038A6E21ED02D637FEEA847A /* floatingwin.c */; };
		784D21961850AA51EC601716 = {isa = PBXBuildFile; fileRef = 1C06AF3BD0D14D1AE42F4ABA /* fmtbar.c */; };
		30667A72E4E9BAE4B7935B5B = {isa = PBXBuildFile; fileRef = 96350A868C6315493304BA58 /* functions.c */; };
		59B0BE973ABD01EDE494179C = {isa = PBXBuildFile; fileRef = 1248031FFAD39776B506987B /* globals.c */; };
		B6E96A4F3074894335ACB5F3 = {isa = PBXBuildFile; fileRef = 0BAF7D73AF6DE6E8C351A198 /* header.c */; };
		A7C7131400F2F39E061A9FDF = {isa = PBXBuildFile; fileRef = 70F49BA9374C79B275A37E6E /* hexbin.c */; };
		D99A796455E6C410A5493209 = {isa = PBXBuildFile; fileRef = 664A88341419BBC732535E3F /* icon.c */; };
		36DF2640BB79CB9A6AE5B145 = {isa = PBXBuildFile; fileRef = 14113EB39338939358187F1B /* inet.c */; };
		580F7E6EC0568E25A52BDBA4 = {isa = PBXBuildFile; fileRef = 267820B4B0473482AFD39D84 /* ldef.c */; };
		91197358A415A1B3C4BCCF85 = {isa = PBXBuildFile; fileRef = E650B404627B1BC3D0090E63 /* lex822.c */; };
		C8626BE2C3F71E68D3C9F868 = {isa = PBXBuildFile; fileRef = 19E2707A02563153E766BA54 /* lineio.c */; };
		57EADA93CEF12A81813AA551 = {isa = PBXBuildFile; fileRef = D4FBFDE4B8A46E6D932D27C1 /* listcdef.c */; };
		8FDD59146C424D999E322BEA = {isa = PBXBuildFile; fileRef = 5A630222DA2E299458EE40DA /* listview.c */; };
		93BA4D2956B487496DAD834F = {isa = PBXBuildFile; fileRef = 9C96F92C15BE4B64203F7E0F /* lmgr.c */; };
		66B11A610862DDDB08C7ABAF = {isa = PBXBuildFile; fileRef = A61F539E1808A83B8F055863 /* log.c */; };
		AA14843511C9A9344B2FAC88 = {isa = PBXBuildFile; fileRef = 0024832773222A1A6D654EAE /* mailbox.c */; };
		E5A8A7E80E1F86CA7794A47A = {isa = PBXBuildFile; fileRef = A80D4A89EFD95A523A71F1B7 /* mailxfer.c */; };
		5C46C4B37E1E2BE2262928A5 = {isa = PBXBuildFile; fileRef = 8F30E0E3D2207208CDAB1623 /* main.c */; };
		9E3A0DD7F4AF3C6F8025E821 = {isa = PBXBuildFile; fileRef = E88A1081EE54682D3C0D2391 /* makefilter.c */; };
		B4A6CB23BEC50476BDBD951F = {isa = PBXBuildFile; fileRef = 74FD9B72803FACD7634EB11A /* mbwin.c */; };
		389A1A2D1BD85FBF895A64F4 = {isa = PBXBuildFile; fileRef = 505442346F2C6E90BBB89104 /* menu.c */; };
		2685813A8450BE43C1E8642E = {isa = PBXBuildFile; fileRef = 716F8B7A8421DB03708140D3 /* md5.c */; };
		B144AEAE066F0B547C7A62AF = {isa = PBXBuildFile; fileRef = F33254D65F59669E53A69DCF /* messact.c */; };
		610FEDD8AB158F93D1E6ADE5 = {isa = PBXBuildFile; fileRef = F5070290125E1C93D8705018 /* message.c */; };
		B06D206CB457FF02923A0D6B = {isa = PBXBuildFile; fileRef = 2423D67B3A78FC970CF7AD49 /* mime.c */; };
		372EB197FDC54A9466E411F8 = {isa = PBXBuildFile; fileRef = 4BC61FDC2E6165F051A121AE /* modeless.c */; };
		22D879D38888B93E5642EE6A = {isa = PBXBuildFile; fileRef = 41CB8804338E01659CF89854 /* msiddb.c */; };
		CC2D2A4932686E9CC63C7D73 = {isa = PBXBuildFile; fileRef = DB4289C78769D1D64F8D72A5 /* msinfo.c */; };
		54CC784A61B7EA1B59267F47 = {isa = PBXBuildFile; fileRef = E4249B6E72938D5DDBDC8294 /* msmaildb.c */; };
		8B0B0D1AF9F9867DB49C8F38 = {isa = PBXBuildFile; fileRef = 4CC0766A1E94156AE139AB43 /* mstoc.c */; };
		661945466D567AA9EDDB4D84 = {isa = PBXBuildFile; fileRef = 720EC1FBB77768371A51AED2 /* mstore.c */; };
		6EE02888B4F4415765AFB315 = {isa = PBXBuildFile; fileRef = 6F59F8F13D8FB82E15F0AF94 /* mywindow.c */; };
		2B917E1F6E5674FD5A8087AA = {isa = PBXBuildFile; fileRef = 4B49B3503FDD5B9E27E994D2 /* nickae.c */; };
		77AFF25EABE3D362EBDB5FEF = {isa = PBXBuildFile; fileRef = DAAD57016ADBD17D603D4EAE /* nickexp.c */; };
		DFD1B3C5FA2325C767D08C24 = {isa = PBXBuildFile; fileRef = EA7EA575CED2867AEC541D9E /* nickmng.c */; };
		81B8237FD874397793FBA844 = {isa = PBXBuildFile; fileRef = 9A90BF41F48FDAA16006431F /* nickwin.c */; };
		4231337D50018EE471EE29BE = {isa = PBXBuildFile; fileRef = E7D9954F594C50CE5DC5A07A /* oops.c */; };
		DF97B3AD1E4B140BCEAF8686 = {isa = PBXBuildFile; fileRef = 544FC70FE48BA821BD7794D5 /* personalitieswin.c */; };
		5BC71250FC980DB1CA4E28B4 = {isa = PBXBuildFile; fileRef = DCD06E6E98BC5AFA117A5077 /* peteglue.c */; };
		03A5E0383BFC7B86507FB3C4 = {isa = PBXBuildFile; fileRef = C3C41298383BEE98D6CC8546 /* ph.c */; };
		B0C9D90CE744C6DB6DCE9BC7 = {isa = PBXBuildFile; fileRef = FE22C402083A79E86BD15D51 /* pgpin.c */; };
		35060A36D40FAB640F81312F = {isa = PBXBuildFile; fileRef = B0688DEC8D9734ED03895987 /* pgpout.c */; };
		C464BC9B662A724FF6EB6653 = {isa = PBXBuildFile; fileRef = 869CAB79C706A392E3B85DAB /* pop.c */; };
		6A6BB4B2C3876C6C5762BDFB = {isa = PBXBuildFile; fileRef = A67FCBC3D0DF4C0311563990 /* prefenable.c */; };
		18205F9F12FAB521BE4F5EEB = {isa = PBXBuildFile; fileRef = 1D308C95DFEC2213B831B6A7 /* preflimits.c */; };
		88A2503782D80C0D084970EF = {isa = PBXBuildFile; fileRef = 309948B0A8CCD0F6548FEB86 /* prefs.c */; };
		9D5D74AB3491A9513BB413A0 = {isa = PBXBuildFile; fileRef = BC5035C065F4BEF92E97F9BF /* print.c */; };
		518E00B52A18F71BC4F5F21F = {isa = PBXBuildFile; fileRef = 4322138B27D1F79CB6244F4A /* progress.c */; };
		1E27CB913DDEEEF188EF1370 = {isa = PBXBuildFile; fileRef = 61CB6AA3B87ECFA63FD0D258 /* rich.c */; };
		870A2925F0CC2C24AA683E27 = {isa = PBXBuildFile; fileRef = 07A45849FB9D2D026F7E35C9 /* schizo.c */; };
		B32B2E9C1F133E8E6F5E103B = {isa = PBXBuildFile; fileRef = 1A49A2B2C0CDF641DBC29D51 /* search.c */; };
		BF6649C2B547150E85AC07BF = {isa = PBXBuildFile; fileRef = 28FBE77394E749C99BB9DF13 /* sendmail.c */; };
		469F2FF01EC47EF406EFECB5 = {isa = PBXBuildFile; fileRef = A000A2C21C07B53A97B51375 /* setldef.c */; };
		ABD72F5D7B856AE1BFBAF060 = {isa = PBXBuildFile; fileRef = 33C3EC831077D977897020FD /* shame.c */; };
		D37A5224632FDA305CE170BC = {isa = PBXBuildFile; fileRef = 0DCF57C66BC263003AC485FC /* signaturewin.c */; };
		6197AC96592CF86BF783E1F3 = {isa = PBXBuildFile; fileRef = 8223250AA75EE21DE4918D89 /* sort.c */; };
		7C0DD0ECA8A66D9049CAC3FB = {isa = PBXBuildFile; fileRef = CC4C98449700641ACBF586CD /* squish.c */; };
		1B75603640BA82A1320F3421 = {isa = PBXBuildFile; fileRef = 0BE8EF63C7A5AE87FF05BA4B /* stationerywin.c */; };
		7CAFC937CF6F0953CE8BB5F3 = {isa = PBXBuildFile; fileRef = AA8989D552605AA4BFA1F4D5 /* stickypopup.c */; };
		4F591D07C0B923E913271858 = {isa = PBXBuildFile; fileRef = 03B0A62DEB73E5FF2786774E /* tcp.c */; };
		6951C2DB8E8A67DF8810DEF3 = {isa = PBXBuildFile; fileRef = 30F4E73304B0EB91793DD9DD /* tefuncs.c */; };
		C92A08CC9708BD0288663CF0 = {isa = PBXBuildFile; fileRef = 11F08F497902EDF81B75AF68 /* textw.c */; };
		E29E9185E889E51D52589997 = {isa = PBXBuildFile; fileRef = 2CF18E9EC437719AFF5FD66E /* threading.c */; };
		7CCAA006F3466417C0256383 = {isa = PBXBuildFile; fileRef = 3AE849E3E33261DEA12ACC1B /* timebomb.c */; };
		BDE3BC424AC697FC01DFFC43 = {isa = PBXBuildFile; fileRef = 66AC3630C2A76B37ED000451 /* tlate_ldef.c */; };
		FE72F92F9CB5DAE03D2FD7B3 = {isa = PBXBuildFile; fileRef = A5A0829B869F56895F85074B /* toc.c */; };
		402A800CE6615A1A35A52D88 = {isa = PBXBuildFile; fileRef = A44CEAEFABFD37198E75CFD3 /* toolbar.c */; };
		E96542013D7C500496F7F15D = {isa = PBXBuildFile; fileRef = 25F0CDFC2C172799E7144C29 /* trans.c */; };
		EB7F0FE3BF38B9408E45278F = {isa = PBXBuildFile; fileRef = 1BCC6B8526E6E0CBAE7FC850 /* TransStream.c */; };
		E6ECE5BF698E7E185D4C5437 = {isa = PBXBuildFile; fileRef = 2B3298A780038022C1B64D6A /* url.c */; };
		223A449B63FC93B35DCC43A5 = {isa = PBXBuildFile; fileRef = 1C9BB62CDF14C0DBC02301B6 /* util.c */; };
		AC5D1D82155FA976DFD26B34 = {isa = PBXBuildFile; fileRef = 7D58AD8CCD6F4F432636DBF8 /* utl.c */; };
		6E4338FB5AFEC2DEB8BD1F39 = {isa = PBXBuildFile; fileRef = E58058B49104B588B134014B /* uudecode.c */; };
		44B0B9AE8C3B78AFCA36025F = {isa = PBXBuildFile; fileRef = 6962B111FA9AC00771EB42F3 /* uupc.c */; };
		B5A48759BA8A7D40DC8947AB = {isa = PBXBuildFile; fileRef = 20707D978720D7D1D6560916 /* wazoo.c */; };
		FF6E5A2675AE04C7A741B2E7 = {isa = PBXBuildFile; fileRef = FB7ECD98987D0AFB7A77D42B /* winutil.c */; };
		C6F5087B51C667A19AF29702 = {isa = PBXBuildFile; fileRef = 09D5143C4FBB4939360A70D0 /* newhtml.c */; };
		47A51E7272FE61D78D1FA8B3 = {isa = PBXBuildFile; fileRef = 01D2755A5EAA0FEE625F6771 /* acap.c */; };
		7EE0004C906CE861AB40A4AC = {isa = PBXBuildFile; fileRef = ED91723164FF885151AA7ED8 /* ldaputils.c */; };
		ADDB5886AD6B8ED91AFD6A10 = {isa = PBXBuildFile; fileRef = 181056AC0FDAA5050B271BD3 /* taskProgress.c */; };
		FC98C957D561DBA447917879 = {isa = PBXBuildFile; fileRef = 0EC51DAEADBA5924EEDA3AD6 /* filtthread.c */; };
		78FB41CD56EF2A579BA70030 = {isa = PBXBuildFile; fileRef = 5DE4D8E7DB2D157CD064D693 /* task_ldef.c */; };
		3028A3C360C7FB6F1DB70C71 = {isa = PBXBuildFile; fileRef = 1FBDF9968628EAB67F8E7A15 /* menusharing.c */; };
		ED9A569E3622A07EC5B599AD = {isa = PBXBuildFile; fileRef = B56D083236E27106A5602DD7 /* dflutils.c */; };
		824B61DE0CA68682C87C3EB5 = {isa = PBXBuildFile; fileRef = 016A7729C23AC39A49B3AD9C /* ldaplibglue.c */; };
		A29851B2FEE2EC9D94DF7D1C = {isa = PBXBuildFile; fileRef = CDC2CF921245173E10029C1C /* unicode.c */; };
		22E6BB2C0BC70B95BCC1F102 = {isa = PBXBuildFile; fileRef = 658441F588B10279EDC235FF /* spell.c */; };
		C2344743A42EC40891887DE3 = {isa = PBXBuildFile; fileRef = A032F06DF28CCC6F4956E5FC /* searchwin.c */; };
		BF318E035BF376A695E7BCE8 = {isa = PBXBuildFile; fileRef = ABAA3D7348B191EE70DC7C74 /* regexp.c */; };
		157E08D69B4C9E549CC87DF0 = {isa = PBXBuildFile; fileRef = F3413BC7CF5B390B63A0E032 /* speechutil.c */; };
		62FD57729DF323FE00ABE1FF = {isa = PBXBuildFile; fileRef = DD77C31606F5075294636729 /* downloadurl.c */; };
		4CDEB37304158609BF926F1C = {isa = PBXBuildFile; fileRef = B21E4F9E60D3D8DAD19FEF9B /* spool.c */; };
		97CC41C8297D919E424A9831 = {isa = PBXBuildFile; fileRef = 2B8D16A9910BAB80471E2D7A /* navUtils.c */; };
		E78A902942864750C4B071C1 = {isa = PBXBuildFile; fileRef = 024CB7975B9A32CC4A36A724 /* stringutil.c */; };
		85B0991C0A31285F1F05C011 = {isa = PBXBuildFile; fileRef = 08023D918E32CF4AB1C1DA03 /* peteuserpane.c */; };
		EB3EE29CD8EAACEAECF37448 = {isa = PBXBuildFile; fileRef = CA59A2095AA5CC03CEFB4853 /* features.c */; };
		DDF025A50FAA15E6FEE93732 = {isa = PBXBuildFile; fileRef = 64684FA5EE7568233AFA24EE /* adwin.c */; };
		07C4B77390627AB6A5597924 = {isa = PBXBuildFile; fileRef = 522D1827487014226BC11D4E /* dial.c */; };
		257C3E0731FF99FA08D0D3C3 = {isa = PBXBuildFile; fileRef = D91E80A07C20FAF3AE299645 /* audit.c */; };
		053571A8362E02F28AA677CC = {isa = PBXBuildFile; fileRef = 38CC81911EACFADBEC39A2E3 /* linkwin.c */; };
		4A300DD6B11E51826AEF49F2 = {isa = PBXBuildFile; fileRef = A6F0A8882DA2D4E731E3EA18 /* auditdefs.c */; };
		9F56012000878A16EFDE1CDF = {isa = PBXBuildFile; fileRef = 53AD866032CA5BF0EA65A6CE /* linkmng.c */; };
		9759AA6A798F905CA009FDC2 = {isa = PBXBuildFile; fileRef = 6C88847A171A4D8CC7CFAE3C /* featureldef.c */; };
		E2B07AE1F3666DCED2AA3074 = {isa = PBXBuildFile; fileRef = EFACB67C6DE35134C20848E6 /* adutil.c */; };
		440F8DF1EAADFB600A9B9028 = {isa = PBXBuildFile; fileRef = A576EDA1AEC12691C45ACA0B /* prefaudit.c */; };
		91AEABF12FF3E3D5647ADEB8 = {isa = PBXBuildFile; fileRef = 4C0587FCE80178194A08905E /* table.c */; };
		26D1B2B9B64CC9AD36020E23 = {isa = PBXBuildFile; fileRef = 7733F6F4BD8C573C5DBE5701 /* statwin.c */; };
		2BBC7AD43D74AF514B8565DE = {isa = PBXBuildFile; fileRef = 9A4A7A82246919349F719C65 /* graph.c */; };
		02F8E53DD50CFF843C9AE0AD = {isa = PBXBuildFile; fileRef = 6E7A8243A8C878BDB4462411 /* statmng.c */; };
		E9C78AE270DFECECA7471E0A = {isa = PBXBuildFile; fileRef = BCF774D2FE05A59FBB854629 /* anal.c */; };
		E12E43E65D39D95F0F42E1C4 = {isa = PBXBuildFile; fileRef = AD40FFB95B3352464710C0DF /* import.c */; };
		E8BFCA5CEABFF608AB2A4ACE = {isa = PBXBuildFile; fileRef = 41717DAFE87C7911F8D6195E /* xml.c */; };
		E08E4BEBE3B48FCB7E4437D6 = {isa = PBXBuildFile; fileRef = 97209887CF45039146439A0F /* scriptmenu.c */; };
		1C12340B894C40CC5B59EF0B = {isa = PBXBuildFile; fileRef = A292CBD918259728F1B2122E /* labelfield.c */; };
		7E87FB145FCFA98F15427CAE = {isa = PBXBuildFile; fileRef = 5DD96DD82219FE6044128236 /* tabmania.c */; };
		75430EB01A99EE490966A876 = {isa = PBXBuildFile; fileRef = 27AE346BFB377D79B6D4FA1F /* carbonutil.c */; };
		603FA8A19A073B1AC1C52DF9 = {isa = PBXBuildFile; fileRef = D4E4F0287F35CA8FBD6EE439 /* ssl.c */; };
		75AE57B09349EC4EFE075570 = {isa = PBXBuildFile; fileRef = C70A217C5CFE90A81935E208 /* toolbarpopup.c */; };
		30DA7F0F1CC96CCEBAD23E9F = {isa = PBXBuildFile; fileRef = ECDCF88832C466AA10A30D2E /* fileview.c */; };
		8DEAE3F9E88F3FD26AFBBE47 = {isa = PBXBuildFile; fileRef = D915BFD89807899AC5F78E7D /* vcard.c */; };
		B836E46BE9A73A7D4C01446A = {isa = PBXBuildFile; fileRef = 165ECCB26B911B767ACF8229 /* palmconduitae.c */; };
		ED08261E1565F9464AAB901A = {isa = PBXBuildFile; fileRef = CF7336DD9275E84B22DDE230 /* sasl.c */; };
		05EF9E53CCBCAFA09CDB34A1 = {isa = PBXBuildFile; fileRef = 3CDAC0B36791333317AA414E /* MachOWrapper.cp */; };
		EE87842A4BDEC205F717B7D9 = {isa = PBXBuildFile; fileRef = A8BC9FFD22D6ACAA3CB80527 /* sslCerts.cp */; };
		A99191ADCBB7081C2939768B = {isa = PBXBuildFile; fileRef = 8210E7A700FC4F11256CC524 /* wrappers.cp */; };
		9C17F00D3A689004C612767A = {isa = PBXBuildFile; fileRef = 1503AE48C88489A84CD1CCF0 /* junk.c */; };
		58A8CC052DDB912B032658E1 = {isa = PBXBuildFile; fileRef = F9A2B967816D06F3E0857FBF /* proxy.c */; };
		4651B38DC635ACEF1CB4E3D3 = {isa = PBXBuildFile; fileRef = 98EA387679A0E0E23E140818 /* concentrator.c */; };
		CEDEF7EDA620B3C7D84B1649 = {isa = PBXBuildFile; fileRef = 119447F30A8BCC95BB628A83 /* mbdrawer.c */; };
		EFD3641A1DA1DBFD6E5C06C0 = {isa = PBXBuildFile; fileRef = 2FB5C006F0A36995FC14CB74 /* multi.c */; };
		0548D3331A5503EBBD1A2D9F = {isa = PBXBuildFile; fileRef = 37BEEBAC62146E13EA8E2F6F /* osxabsync.cp */; };
		3BC69229AB111DFAF1AD0464 = {isa = PBXBuildFile; fileRef = BC62A41877060CD43DEA33EF /* emoticon.c */; };
		1D90111AA12723D572A30C86 = {isa = PBXBuildFile; fileRef = 48257EA36DE821A0B1FF66D8 /* OpenSSL.cp */; };
		8479425366C8E59F736EA8A3 = {isa = PBXBuildFile; fileRef = B3E64ADA0A9C46568FF5CB9F /* extras.c */; };
		47F9896465313B7DBD0A7826 = {isa = PBXBuildFile; fileRef = FBDEDA8D51ECD3C757437ADB /* export.c */; };
		D868E824B9E055AA25CFA57A = {isa = PBXBuildFile; fileRef = EAD29E321501A8B4E83C09D6 /* XcodeSupport/EudoraFeatureStubs.c */; };
		5BCA916549871B2FB3184265 = {isa = PBXBuildFile; fileRef = 9D37AFB86D5BD2923FF1EB2D /* Editor/Source/Editor Source/arrow.c */; };
		869547EDC7AC99E2CB49B53E = {isa = PBXBuildFile; fileRef = 1A18F8F7A07228C55513AFC2 /* Editor/Source/Editor Source/chartypes.c */; };
		9FF33B3EDF09E9464D20B518 = {isa = PBXBuildFile; fileRef = 8BD35981616EA92CB231DE85 /* Editor/Source/Editor Source/clip.c */; };
		4CC9D93730503A32788D61B4 = {isa = PBXBuildFile; fileRef = 1A145CEE3861F5A1D9A6085D /* Editor/Source/Editor Source/convert.c */; };
		B0FD6AF3EBAD077434D73B97 = {isa = PBXBuildFile; fileRef = 493E5FD3D46B6EBF7053C94E /* Editor/Source/Editor Source/document.c */; };
		9BBA91E344658E5EE37D0A92 = {isa = PBXBuildFile; fileRef = CA19CEF56DD7BF1206CB3546 /* Editor/Source/Editor Source/drag.c */; };
		2FED8E3C438C4C6FA31D7C46 = {isa = PBXBuildFile; fileRef = EEF1B3CC41CDE45803DC03D3 /* Editor/Source/Editor Source/draw.c */; };
		7AD13EA15B6DF69DA538C763 = {isa = PBXBuildFile; fileRef = 4C72C0A37F5FB148C01E5F72 /* Editor/Source/Editor Source/events.c */; };
		19659367EB060C7D9EC4E73D = {isa = PBXBuildFile; fileRef = FF7913319D8448E9EA61F9E0 /* Editor/Source/Editor Source/getputstyles.c */; };
		F26BE774813A25186056F7FE = {isa = PBXBuildFile; fileRef = 6C52EDC658CA1FFAF808F4AA /* Editor/Source/Editor Source/globals-p.c */; };
		EC230AD952094E6C07E22EB0 = {isa = PBXBuildFile; fileRef = 533071205E5A90FB0CBE6E99 /* Editor/Source/Editor Source/graphic.c */; };
		070106BE429DCA1307F161B9 = {isa = PBXBuildFile; fileRef = FC7BF188EEA6F5CEF8B8BE9D /* Editor/Source/Editor Source/info.c */; };
		1FBD5DA1CE10DE2A6413FF57 = {isa = PBXBuildFile; fileRef = E6FF4F3E708481D1E7101CBE /* Editor/Source/Editor Source/lenlocate.c */; };
		718E7D73D70A6A4A2B60FE72 = {isa = PBXBuildFile; fileRef = 5777265720EB762B09A31CC0 /* Editor/Source/Editor Source/linelayout.c */; };
		CEBD31B2FB895D9D1B439289 = {isa = PBXBuildFile; fileRef = C72806BEE5F14B180325E494 /* Editor/Source/Editor Source/measure.c */; };
		84F9EA178920AF54F7D2436F = {isa = PBXBuildFile; fileRef = 414D213475554132E5AD07C0 /* Editor/Source/Editor Source/paragraph.c */; };
		0585A60DC2D3A0A441F2A74B = {isa = PBXBuildFile; fileRef = 1C97AF45DF9F5E679CC10296 /* Editor/Source/Editor Source/pete.c */; };
		8B9B7D7DBCD921758A24E8B4 = {isa = PBXBuildFile; fileRef = 09E6BDFA0052F05AE83DDB22 /* Editor/Source/Editor Source/port.c */; };
		0D03D7F40E1F18D8AB2F7C5A = {isa = PBXBuildFile; fileRef = 3305FA8FA45A2C59844CD24D /* Editor/Source/Editor Source/printing.c */; };
		AF30ECC5ABCF0E8ED46F6466 = {isa = PBXBuildFile; fileRef = 4D9ED5CF275EF19C1307D19C /* Editor/Source/Editor Source/reflow.c */; };
		D70F09F162D0C38664345ACF = {isa = PBXBuildFile; fileRef = B3009B3303A1FBAE0E158029 /* Editor/Source/Editor Source/scroll.c */; };
		29FAB9D0DCF0D5545ABF92CC = {isa = PBXBuildFile; fileRef = 3604585D3A958F06CD41B7AF /* Editor/Source/Editor Source/selection.c */; };
		791F01749730DFCAA5614C60 = {isa = PBXBuildFile; fileRef = FB3C747FA884BD16D7D57BC8 /* Editor/Source/Editor Source/text.c */; };
		D69D928FF054901B43E4C293 = {isa = PBXBuildFile; fileRef = 1A2CD52F470CA9949B30E9F4 /* Editor/Source/Editor Source/toolbox.c */; };
		44508EAF4E357E98E9010A28 = {isa = PBXBuildFile; fileRef = 571AF23A7E6CE7E42254154F /* Editor/Source/Editor Source/undo.c */; };
		726A6D05F71A2E1BDB688AE0 = {isa = PBXBuildFile; fileRef = 6B4C4C32BE1DBA15113ED5DB /* Editor/Source/Editor Source/word.c */; };
		CA78D4A5815C9D465FDA50A1 = {isa = PBXBuildFile; fileRef = D2DF354837D4CDFC89BEDD0D /* EudoraDotApp/Contents/Resources/Eudora.icns */; };
		4A26DB856E1832E90DE83908 = {isa = PBXBuildFile; fileRef = 6E9897F813E0E621ACA25AFA /* EudoraDotApp/Contents/Resources/Settings.icns */; };
		E8A88AE0121703DE34C7D0FB = {isa = PBXBuildFile; fileRef = F2F66F49DAB81E356EC7E762 /* Carbon.framework */; };
		8558414B744F871B38DFC783 = {isa = PBXBuildFile; fileRef = F2F66F49DAB81E356EC7E762 /* Carbon.framework */; };
		A3D764B3C65277641B51E7F0 = {isa = PBXBuildFile; fileRef = A994A8853561854D8383F73F /* ApplicationServices.framework */; };
		8520E7215819EB50C663EC0D = {isa = PBXBuildFile; fileRef = 4C0A89575C6F38EE29C733D0 /* CoreServices.framework */; };
		5B8768F4962DA101F926C4A6 = {isa = PBXBuildFile; fileRef = 4AD266C022CE72C1AD4A88C0 /* Security.framework */; };
		30B3385E36BA264D8064D558 = {isa = PBXBuildFile; fileRef = EB7576576F09AE7F811C5031 /* SystemConfiguration.framework */; };
		EB68EF4CC6021770EC44CA45 = {isa = PBXBuildFile; fileRef = E71CB2C2F228AEB441109B93 /* libeditorCarbon.a */; };
/* End PBXBuildFile section */

/* Begin PBXContainerItemProxy section */
		06D34BBB949D62C93FADDB62 = {isa = PBXContainerItemProxy; containerPortal = 46F86FAA6BBF9AC94A7E4595 /* Project object */; proxyType = 1; remoteGlobalIDString = DC8F5CDD6CE5DAB6FFD6F0E2; remoteInfo = editorCarbon; };
/* End PBXContainerItemProxy section */

/* Begin PBXFileReference section */
		A994A8853561854D8383F73F = {isa = PBXFileReference; lastKnownFileType = wrapper.framework; name = ApplicationServices.framework; path = ApplicationServices.framework; sourceTree = SDKROOT; };
		F2F66F49DAB81E356EC7E762 = {isa = PBXFileReference; lastKnownFileType = wrapper.framework; name = Carbon.framework; path = Carbon.framework; sourceTree = SDKROOT; };
		4C0A89575C6F38EE29C733D0 = {isa = PBXFileReference; lastKnownFileType = wrapper.framework; name = CoreServices.framework; path = CoreServices.framework; sourceTree = SDKROOT; };
		9D37AFB86D5BD2923FF1EB2D = {isa = PBXFileReference; lastKnownFileType = sourcecode.c.c; path = "Editor/Source/Editor Source/arrow.c"; sourceTree = SOURCE_ROOT; };
		1A18F8F7A07228C55513AFC2 = {isa = PBXFileReference; lastKnownFileType = sourcecode.c.c; path = "Editor/Source/Editor Source/chartypes.c"; sourceTree = SOURCE_ROOT; };
		8BD35981616EA92CB231DE85 = {isa = PBXFileReference; lastKnownFileType = sourcecode.c.c; path = "Editor/Source/Editor Source/clip.c"; sourceTree = SOURCE_ROOT; };
		1A145CEE3861F5A1D9A6085D = {isa = PBXFileReference; lastKnownFileType = sourcecode.c.c; path = "Editor/Source/Editor Source/convert.c"; sourceTree = SOURCE_ROOT; };
		493E5FD3D46B6EBF7053C94E = {isa = PBXFileReference; lastKnownFileType = sourcecode.c.c; path = "Editor/Source/Editor Source/document.c"; sourceTree = SOURCE_ROOT; };
		CA19CEF56DD7BF1206CB3546 = {isa = PBXFileReference; lastKnownFileType = sourcecode.c.c; path = "Editor/Source/Editor Source/drag.c"; sourceTree = SOURCE_ROOT; };
		EEF1B3CC41CDE45803DC03D3 = {isa = PBXFileReference; lastKnownFileType = sourcecode.c.c; path = "Editor/Source/Editor Source/draw.c"; sourceTree = SOURCE_ROOT; };
		4C72C0A37F5FB148C01E5F72 = {isa = PBXFileReference; lastKnownFileType = sourcecode.c.c; path = "Editor/Source/Editor Source/events.c"; sourceTree = SOURCE_ROOT; };
		FF7913319D8448E9EA61F9E0 = {isa = PBXFileReference; lastKnownFileType = sourcecode.c.c; path = "Editor/Source/Editor Source/getputstyles.c"; sourceTree = SOURCE_ROOT; };
		6C52EDC658CA1FFAF808F4AA = {isa = PBXFileReference; lastKnownFileType = sourcecode.c.c; path = "Editor/Source/Editor Source/globals-p.c"; sourceTree = SOURCE_ROOT; };
		533071205E5A90FB0CBE6E99 = {isa = PBXFileReference; lastKnownFileType = sourcecode.c.c; path = "Editor/Source/Editor Source/graphic.c"; sourceTree = SOURCE_ROOT; };
		FC7BF188EEA6F5CEF8B8BE9D = {isa = PBXFileReference; lastKnownFileType = sourcecode.c.c; path = "Editor/Source/Editor Source/info.c"; sourceTree = SOURCE_ROOT; };
		E6FF4F3E708481D1E7101CBE = {isa = PBXFileReference; lastKnownFileType = sourcecode.c.c; path = "Editor/Source/Editor Source/lenlocate.c"; sourceTree = SOURCE_ROOT; };
		5777265720EB762B09A31CC0 = {isa = PBXFileReference; lastKnownFileType = sourcecode.c.c; path = "Editor/Source/Editor Source/linelayout.c"; sourceTree = SOURCE_ROOT; };
		C72806BEE5F14B180325E494 = {isa = PBXFileReference; lastKnownFileType = sourcecode.c.c; path = "Editor/Source/Editor Source/measure.c"; sourceTree = SOURCE_ROOT; };
		414D213475554132E5AD07C0 = {isa = PBXFileReference; lastKnownFileType = sourcecode.c.c; path = "Editor/Source/Editor Source/paragraph.c"; sourceTree = SOURCE_ROOT; };
		1C97AF45DF9F5E679CC10296 = {isa = PBXFileReference; lastKnownFileType = sourcecode.c.c; path = "Editor/Source/Editor Source/pete.c"; sourceTree = SOURCE_ROOT; };
		09E6BDFA0052F05AE83DDB22 = {isa = PBXFileReference; lastKnownFileType = sourcecode.c.c; path = "Editor/Source/Editor Source/port.c"; sourceTree = SOURCE_ROOT; };
		3305FA8FA45A2C59844CD24D = {isa = PBXFileReference; lastKnownFileType = sourcecode.c.c; path = "Editor/Source/Editor Source/printing.c"; sourceTree = SOURCE_ROOT; };
		4D9ED5CF275EF19C1307D19C = {isa = PBXFileReference; lastKnownFileType = sourcecode.c.c; path = "Editor/Source/Editor Source/reflow.c"; sourceTree = SOURCE_ROOT; };
		B3009B3303A1FBAE0E158029 = {isa = PBXFileReference; lastKnownFileType = sourcecode.c.c; path = "Editor/Source/Editor Source/scroll.c"; sourceTree = SOURCE_ROOT; };
		3604585D3A958F06CD41B7AF = {isa = PBXFileReference; lastKnownFileType = sourcecode.c.c; path = "Editor/Source/Editor Source/selection.c"; sourceTree = SOURCE_ROOT; };
		FB3C747FA884BD16D7D57BC8 = {isa = PBXFileReference; lastKnownFileType = sourcecode.c.c; path = "Editor/Source/Editor Source/text.c"; sourceTree = SOURCE_ROOT; };
		1A2CD52F470CA9949B30E9F4 = {isa = PBXFileReference; lastKnownFileType = sourcecode.c.c; path = "Editor/Source/Editor Source/toolbox.c"; sourceTree = SOURCE_ROOT; };
		571AF23A7E6CE7E42254154F = {isa = PBXFileReference; lastKnownFileType = sourcecode.c.c; path = "Editor/Source/Editor Source/undo.c"; sourceTree = SOURCE_ROOT; };
		6B4C4C32BE1DBA15113ED5DB = {isa = PBXFileReference; lastKnownFileType = sourcecode.c.c; path = "Editor/Source/Editor Source/word.c"; sourceTree = SOURCE_ROOT; };
		D2DF354837D4CDFC89BEDD0D = {isa = PBXFileReference; lastKnownFileType = image.icns; path = EudoraDotApp/Contents/Resources/Eudora.icns; sourceTree = SOURCE_ROOT; };
		6E9897F813E0E621ACA25AFA = {isa = PBXFileReference; lastKnownFileType = image.icns; path = EudoraDotApp/Contents/Resources/Settings.icns; sourceTree = SOURCE_ROOT; };
		C2228157EADAF5AEB575AE21 = {isa = PBXFileReference; lastKnownFileType = sourcecode.c.c; path = FiltDefs.c; sourceTree = SOURCE_ROOT; };
		3CDAC0B36791333317AA414E = {isa = PBXFileReference; lastKnownFileType = sourcecode.cpp.cpp; path = MachOWrapper.cp; sourceTree = SOURCE_ROOT; };
		48257EA36DE821A0B1FF66D8 = {isa = PBXFileReference; lastKnownFileType = sourcecode.cpp.cpp; path = OpenSSL.cp; sourceTree = SOURCE_ROOT; };
		4AD266C022CE72C1AD4A88C0 = {isa = PBXFileReference; lastKnownFileType = wrapper.framework; name = Security.framework; path = Security.framework; sourceTree = SDKROOT; };
		EB7576576F09AE7F811C5031 = {isa = PBXFileReference; lastKnownFileType = wrapper.framework; name = SystemConfiguration.framework; path = SystemConfiguration.framework; sourceTree = SDKROOT; };
		1BCC6B8526E6E0CBAE7FC850 = {isa = PBXFileReference; lastKnownFileType = sourcecode.c.c; path = TransStream.c; sourceTree = SOURCE_ROOT; };
		EAD29E321501A8B4E83C09D6 = {isa = PBXFileReference; lastKnownFileType = sourcecode.c.c; path = XcodeSupport/EudoraFeatureStubs.c; sourceTree = SOURCE_ROOT; };
		01D2755A5EAA0FEE625F6771 = {isa = PBXFileReference; lastKnownFileType = sourcecode.c.c; path = acap.c; sourceTree = SOURCE_ROOT; };
		CE7680F1A72EF80CE6F8EFC0 = {isa = PBXFileReference; lastKnownFileType = sourcecode.c.c; path = address.c; sourceTree = SOURCE_ROOT; };
		EFACB67C6DE35134C20848E6 = {isa = PBXFileReference; lastKnownFileType = sourcecode.c.c; path = adutil.c; sourceTree = SOURCE_ROOT; };
		64684FA5EE7568233AFA24EE = {isa = PBXFileReference; lastKnownFileType = sourcecode.c.c; path = adwin.c; sourceTree = SOURCE_ROOT; };
		48AB89F9616190285B6CE0D6 = {isa = PBXFileReference; lastKnownFileType = sourcecode.c.c; path = aeutil.c; sourceTree = SOURCE_ROOT; };
		BCF774D2FE05A59FBB854629 = {isa = PBXFileReference; lastKnownFileType = sourcecode.c.c; path = anal.c; sourceTree = SOURCE_ROOT; };
		8BB13422950C4743CCC0F768 = {isa = PBXFileReference; lastKnownFileType = sourcecode.c.c; path = appcdef.c; sourceTree = SOURCE_ROOT; };
		F7060429E08EC5DB54CC7DEB = {isa = PBXFileReference; lastKnownFileType = sourcecode.c.c; path = appear_util.c; sourceTree = SOURCE_ROOT; };
		C83089FEF3833B3A59F21302 = {isa = PBXFileReference; lastKnownFileType = sourcecode.c.c; path = appleevent.c; sourceTree = SOURCE_ROOT; };
		D91E80A07C20FAF3AE299645 = {isa = PBXFileReference; lastKnownFileType = sourcecode.c.c; path = audit.c; sourceTree = SOURCE_ROOT; };
		A6F0A8882DA2D4E731E3EA18 = {isa = PBXFileReference; lastKnownFileType = sourcecode.c.c; path = auditdefs.c; sourceTree = SOURCE_ROOT; };
		CC3280A2A40530221767D0C4 = {isa = PBXFileReference; lastKnownFileType = sourcecode.c.c; path = binhex.c; sourceTree = SOURCE_ROOT; };
		4988C275D55E83D26542C1CA = {isa = PBXFileReference; lastKnownFileType = sourcecode.c.c; path = boxact.c; sourceTree = SOURCE_ROOT; };
		1A52A7D2783B39D37ADD1BA0 = {isa = PBXFileReference; lastKnownFileType = sourcecode.c.c; path = buildtoc.c; sourceTree = SOURCE_ROOT; };
		27AE346BFB377D79B6D4FA1F = {isa = PBXFileReference; lastKnownFileType = sourcecode.c.c; path = carbonutil.c; sourceTree = SOURCE_ROOT; };
		F3C3D3F69D9623445641009F = {isa = PBXFileReference; lastKnownFileType = sourcecode.c.c; path = color.c; sourceTree = SOURCE_ROOT; };
		140F6A8975872DC4FC32D49A = {isa = PBXFileReference; lastKnownFileType = sourcecode.c.c; path = colorcdef.c; sourceTree = SOURCE_ROOT; };
		0C3189292E967F141DC9241D = {isa = PBXFileReference; lastKnownFileType = sourcecode.c.c; path = comp.c; sourceTree = SOURCE_ROOT; };
		F773A76D1728D1B3C437E47C = {isa = PBXFileReference; lastKnownFileType = sourcecode.c.c; path = compact.c; sourceTree = SOURCE_ROOT; };
		98EA387679A0E0E23E140818 = {isa = PBXFileReference; lastKnownFileType = sourcecode.c.c; path = concentrator.c; sourceTree = SOURCE_ROOT; };
		FAC725D7E7EF5B517DE2C385 = {isa = PBXFileReference; lastKnownFileType = sourcecode.c.c; path = cursor.c; sourceTree = SOURCE_ROOT; };
		B56D083236E27106A5602DD7 = {isa = PBXFileReference; lastKnownFileType = sourcecode.c.c; path = dflutils.c; sourceTree = SOURCE_ROOT; };
		522D1827487014226BC11D4E = {isa = PBXFileReference; lastKnownFileType = sourcecode.c.c; path = dial.c; sourceTree = SOURCE_ROOT; };
		DD77C31606F5075294636729 = {isa = PBXFileReference; lastKnownFileType = sourcecode.c.c; path = downloadurl.c; sourceTree = SOURCE_ROOT; };
		BC62A41877060CD43DEA33EF = {isa = PBXFileReference; lastKnownFileType = sourcecode.c.c; path = emoticon.c; sourceTree = SOURCE_ROOT; };
		C05BD92D283789E831BDACF1 = {isa = PBXFileReference; lastKnownFileType = sourcecode.c.c; path = ends.c; sourceTree = SOURCE_ROOT; };
		22EDD68D2A695BD80F541702 = {isa = PBXFileReference; lastKnownFileType = sourcecode.c.c; path = euerrors.c; sourceTree = SOURCE_ROOT; };
		FBDEDA8D51ECD3C757437ADB = {isa = PBXFileReference; lastKnownFileType = sourcecode.c.c; path = export.c; sourceTree = SOURCE_ROOT; };
		B3E64ADA0A9C46568FF5CB9F = {isa = PBXFileReference; lastKnownFileType = sourcecode.c.c; path = extras.c; sourceTree = SOURCE_ROOT; };
		6C88847A171A4D8CC7CFAE3C = {isa = PBXFileReference; lastKnownFileType = sourcecode.c.c; path = featureldef.c; sourceTree = SOURCE_ROOT; };
		CA59A2095AA5CC03CEFB4853 = {isa = PBXFileReference; lastKnownFileType = sourcecode.c.c; path = features.c; sourceTree = SOURCE_ROOT; };
		D1B2640FA46F49FDE490A113 = {isa = PBXFileReference; lastKnownFileType = sourcecode.c.c; path = filegraphic.c; sourceTree = SOURCE_ROOT; };
		0601DA89D7D4EABE8069A57A = {isa = PBXFileReference; lastKnownFileType = sourcecode.c.c; path = fileutil.c; sourceTree = SOURCE_ROOT; };
		ECDCF88832C466AA10A30D2E = {isa = PBXFileReference; lastKnownFileType = sourcecode.c.c; path = fileview.c; sourceTree = SOURCE_ROOT; };
		1254CD91F8455CA31F6CBA1F = {isa = PBXFileReference; lastKnownFileType = sourcecode.c.c; path = filt_ldef.c; sourceTree = SOURCE_ROOT; };
		A8CC8EC6B979BC06E6237E46 = {isa = PBXFileReference; lastKnownFileType = sourcecode.c.c; path = filtmng.c; sourceTree = SOURCE_ROOT; };
		7F45F99B35C20770AFE7CE7F = {isa = PBXFileReference; lastKnownFileType = sourcecode.c.c; path = filtrun.c; sourceTree = SOURCE_ROOT; };
		0EC51DAEADBA5924EEDA3AD6 = {isa = PBXFileReference; lastKnownFileType = sourcecode.c.c; path = filtthread.c; sourceTree = SOURCE_ROOT; };
		E65A7B56E194221D3FF5AF28 = {isa = PBXFileReference; lastKnownFileType = sourcecode.c.c; path = filtwin.c; sourceTree = SOURCE_ROOT; };
		E7FCA3DA862315FD1F56E418 = {isa = PBXFileReference; lastKnownFileType = sourcecode.c.c; path = find.c; sourceTree = SOURCE_ROOT; };
		038A6E21ED02D637FEEA847A = {isa = PBXFileReference; lastKnownFileType = sourcecode.c.c; path = floatingwin.c; sourceTree = SOURCE_ROOT; };
		1C06AF3BD0D14D1AE42F4ABA = {isa = PBXFileReference; lastKnownFileType = sourcecode.c.c; path = fmtbar.c; sourceTree = SOURCE_ROOT; };
		96350A868C6315493304BA58 = {isa = PBXFileReference; lastKnownFileType = sourcecode.c.c; path = functions.c; sourceTree = SOURCE_ROOT; };
		1248031FFAD39776B506987B = {isa = PBXFileReference; lastKnownFileType = sourcecode.c.c; path = globals.c; sourceTree = SOURCE_ROOT; };
		9A4A7A82246919349F719C65 = {isa = PBXFileReference; lastKnownFileType = sourcecode.c.c; path = graph.c; sourceTree = SOURCE_ROOT; };
		0BAF7D73AF6DE6E8C351A198 = {isa = PBXFileReference; lastKnownFileType = sourcecode.c.c; path = header.c; sourceTree = SOURCE_ROOT; };
		70F49BA9374C79B275A37E6E = {isa = PBXFileReference; lastKnownFileType = sourcecode.c.c; path = hexbin.c; sourceTree = SOURCE_ROOT; };
		664A88341419BBC732535E3F = {isa = PBXFileReference; lastKnownFileType = sourcecode.c.c; path = icon.c; sourceTree = SOURCE_ROOT; };
		AD40FFB95B3352464710C0DF = {isa = PBXFileReference; lastKnownFileType = sourcecode.c.c; path = import.c; sourceTree = SOURCE_ROOT; };
		14113EB39338939358187F1B = {isa = PBXFileReference; lastKnownFileType = sourcecode.c.c; path = inet.c; sourceTree = SOURCE_ROOT; };
		1503AE48C88489A84CD1CCF0 = {isa = PBXFileReference; lastKnownFileType = sourcecode.c.c; path = junk.c; sourceTree = SOURCE_ROOT; };
		A292CBD918259728F1B2122E = {isa = PBXFileReference; lastKnownFileType = sourcecode.c.c; path = labelfield.c; sourceTree = SOURCE_ROOT; };
		016A7729C23AC39A49B3AD9C = {isa = PBXFileReference; lastKnownFileType = sourcecode.c.c; path = ldaplibglue.c; sourceTree = SOURCE_ROOT; };
		ED91723164FF885151AA7ED8 = {isa = PBXFileReference; lastKnownFileType = sourcecode.c.c; path = ldaputils.c; sourceTree = SOURCE_ROOT; };
		267820B4B0473482AFD39D84 = {isa = PBXFileReference; lastKnownFileType = sourcecode.c.c; path = ldef.c; sourceTree = SOURCE_ROOT; };
		E650B404627B1BC3D0090E63 = {isa = PBXFileReference; lastKnownFileType = sourcecode.c.c; path = lex822.c; sourceTree = SOURCE_ROOT; };
		19E2707A02563153E766BA54 = {isa = PBXFileReference; lastKnownFileType = sourcecode.c.c; path = lineio.c; sourceTree = SOURCE_ROOT; };
		53AD866032CA5BF0EA65A6CE = {isa = PBXFileReference; lastKnownFileType = sourcecode.c.c; path = linkmng.c; sourceTree = SOURCE_ROOT; };
		38CC81911EACFADBEC39A2E3 = {isa = PBXFileReference; lastKnownFileType = sourcecode.c.c; path = linkwin.c; sourceTree = SOURCE_ROOT; };
		D4FBFDE4B8A46E6D932D27C1 = {isa = PBXFileReference; lastKnownFileType = sourcecode.c.c; path = listcdef.c; sourceTree = SOURCE_ROOT; };
		5A630222DA2E299458EE40DA = {isa = PBXFileReference; lastKnownFileType = sourcecode.c.c; path = listview.c; sourceTree = SOURCE_ROOT; };
		9C96F92C15BE4B64203F7E0F = {isa = PBXFileReference; lastKnownFileType = sourcecode.c.c; path = lmgr.c; sourceTree = SOURCE_ROOT; };
		A61F539E1808A83B8F055863 = {isa = PBXFileReference; lastKnownFileType = sourcecode.c.c; path = log.c; sourceTree = SOURCE_ROOT; };
		0024832773222A1A6D654EAE = {isa = PBXFileReference; lastKnownFileType = sourcecode.c.c; path = mailbox.c; sourceTree = SOURCE_ROOT; };
		A80D4A89EFD95A523A71F1B7 = {isa = PBXFileReference; lastKnownFileType = sourcecode.c.c; path = mailxfer.c; sourceTree = SOURCE_ROOT; };
		8F30E0E3D2207208CDAB1623 = {isa = PBXFileReference; lastKnownFileType = sourcecode.c.c; path = main.c; sourceTree = SOURCE_ROOT; };
		E88A1081EE54682D3C0D2391 = {isa = PBXFileReference; lastKnownFileType = sourcecode.c.c; path = makefilter.c; sourceTree = SOURCE_ROOT; };
		119447F30A8BCC95BB628A83 = {isa = PBXFileReference; lastKnownFileType = sourcecode.c.c; path = mbdrawer.c; sourceTree = SOURCE_ROOT; };
		74FD9B72803FACD7634EB11A = {isa = PBXFileReference; lastKnownFileType = sourcecode.c.c; path = mbwin.c; sourceTree = SOURCE_ROOT; };
		716F8B7A8421DB03708140D3 = {isa = PBXFileReference; lastKnownFileType = sourcecode.c.c; path = md5.c; sourceTree = SOURCE_ROOT; };
		505442346F2C6E90BBB89104 = {isa = PBXFileReference; lastKnownFileType = sourcecode.c.c; path = menu.c; sourceTree = SOURCE_ROOT; };
		1FBDF9968628EAB67F8E7A15 = {isa = PBXFileReference; lastKnownFileType = sourcecode.c.c; path = menusharing.c; sourceTree = SOURCE_ROOT; };
		F33254D65F59669E53A69DCF = {isa = PBXFileReference; lastKnownFileType = sourcecode.c.c; path = messact.c; sourceTree = SOURCE_ROOT; };
		F5070290125E1C93D8705018 = {isa = PBXFileReference; lastKnownFileType = sourcecode.c.c; path = message.c; sourceTree = SOURCE_ROOT; };
		2423D67B3A78FC970CF7AD49 = {isa = PBXFileReference; lastKnownFileType = sourcecode.c.c; path = mime.c; sourceTree = SOURCE_ROOT; };
		4BC61FDC2E6165F051A121AE = {isa = PBXFileReference; lastKnownFileType = sourcecode.c.c; path = modeless.c; sourceTree = SOURCE_ROOT; };
		41CB8804338E01659CF89854 = {isa = PBXFileReference; lastKnownFileType = sourcecode.c.c; path = msiddb.c; sourceTree = SOURCE_ROOT; };
		DB4289C78769D1D64F8D72A5 = {isa = PBXFileReference; lastKnownFileType = sourcecode.c.c; path = msinfo.c; sourceTree = SOURCE_ROOT; };
		E4249B6E72938D5DDBDC8294 = {isa = PBXFileReference; lastKnownFileType = sourcecode.c.c; path = msmaildb.c; sourceTree = SOURCE_ROOT; };
		4CC0766A1E94156AE139AB43 = {isa = PBXFileReference; lastKnownFileType = sourcecode.c.c; path = mstoc.c; sourceTree = SOURCE_ROOT; };
		720EC1FBB77768371A51AED2 = {isa = PBXFileReference; lastKnownFileType = sourcecode.c.c; path = mstore.c; sourceTree = SOURCE_ROOT; };
		2FB5C006F0A36995FC14CB74 = {isa = PBXFileReference; lastKnownFileType = sourcecode.c.c; path = multi.c; sourceTree = SOURCE_ROOT; };
		6F59F8F13D8FB82E15F0AF94 = {isa = PBXFileReference; lastKnownFileType = sourcecode.c.c; path = mywindow.c; sourceTree = SOURCE_ROOT; };
		2B8D16A9910BAB80471E2D7A = {isa = PBXFileReference; lastKnownFileType = sourcecode.c.c; path = navUtils.c; sourceTree = SOURCE_ROOT; };
		09D5143C4FBB4939360A70D0 = {isa = PBXFileReference; lastKnownFileType = sourcecode.c.c; path = newhtml.c; sourceTree = SOURCE_ROOT; };
		4B49B3503FDD5B9E27E994D2 = {isa = PBXFileReference; lastKnownFileType = sourcecode.c.c; path = nickae.c; sourceTree = SOURCE_ROOT; };
		DAAD57016ADBD17D603D4EAE = {isa = PBXFileReference; lastKnownFileType = sourcecode.c.c; path = nickexp.c; sourceTree = SOURCE_ROOT; };
		EA7EA575CED2867AEC541D9E = {isa = PBXFileReference; lastKnownFileType = sourcecode.c.c; path = nickmng.c; sourceTree = SOURCE_ROOT; };
		9A90BF41F48FDAA16006431F = {isa = PBXFileReference; lastKnownFileType = sourcecode.c.c; path = nickwin.c; sourceTree = SOURCE_ROOT; };
		E7D9954F594C50CE5DC5A07A = {isa = PBXFileReference; lastKnownFileType = sourcecode.c.c; path = oops.c; sourceTree = SOURCE_ROOT; };
		37BEEBAC62146E13EA8E2F6F = {isa = PBXFileReference; lastKnownFileType = sourcecode.cpp.cpp; path = osxabsync.cp; sourceTree = SOURCE_ROOT; };
		165ECCB26B911B767ACF8229 = {isa = PBXFileReference; lastKnownFileType = sourcecode.c.c; path = palmconduitae.c; sourceTree = SOURCE_ROOT; };
		544FC70FE48BA821BD7794D5 = {isa = PBXFileReference; lastKnownFileType = sourcecode.c.c; path = personalitieswin.c; sourceTree = SOURCE_ROOT; };
		DCD06E6E98BC5AFA117A5077 = {isa = PBXFileReference; lastKnownFileType = sourcecode.c.c; path = peteglue.c; sourceTree = SOURCE_ROOT; };
		08023D918E32CF4AB1C1DA03 = {isa = PBXFileReference; lastKnownFileType = sourcecode.c.c; path = peteuserpane.c; sourceTree = SOURCE_ROOT; };
		FE22C402083A79E86BD15D51 = {isa = PBXFileReference; lastKnownFileType = sourcecode.c.c; path = pgpin.c; sourceTree = SOURCE_ROOT; };
		B0688DEC8D9734ED03895987 = {isa = PBXFileReference; lastKnownFileType = sourcecode.c.c; path = pgpout.c; sourceTree = SOURCE_ROOT; };
		C3C41298383BEE98D6CC8546 = {isa = PBXFileReference; lastKnownFileType = sourcecode.c.c; path = ph.c; sourceTree = SOURCE_ROOT; };
		869CAB79C706A392E3B85DAB = {isa = PBXFileReference; lastKnownFileType = sourcecode.c.c; path = pop.c; sourceTree = SOURCE_ROOT; };
		A576EDA1AEC12691C45ACA0B = {isa = PBXFileReference; lastKnownFileType = sourcecode.c.c; path = prefaudit.c; sourceTree = SOURCE_ROOT; };
		A67FCBC3D0DF4C0311563990 = {isa = PBXFileReference; lastKnownFileType = sourcecode.c.c; path = prefenable.c; sourceTree = SOURCE_ROOT; };
		1D308C95DFEC2213B831B6A7 = {isa = PBXFileReference; lastKnownFileType = sourcecode.c.c; path = preflimits.c; sourceTree = SOURCE_ROOT; };
		309948B0A8CCD0F6548FEB86 = {isa = PBXFileReference; lastKnownFileType = sourcecode.c.c; path = prefs.c; sourceTree = SOURCE_ROOT; };
		BC5035C065F4BEF92E97F9BF = {isa = PBXFileReference; lastKnownFileType = sourcecode.c.c; path = print.c; sourceTree = SOURCE_ROOT; };
		4322138B27D1F79CB6244F4A = {isa = PBXFileReference; lastKnownFileType = sourcecode.c.c; path = progress.c; sourceTree = SOURCE_ROOT; };
		F9A2B967816D06F3E0857FBF = {isa = PBXFileReference; lastKnownFileType = sourcecode.c.c; path = proxy.c; sourceTree = SOURCE_ROOT; };
		ABAA3D7348B191EE70DC7C74 = {isa = PBXFileReference; lastKnownFileType = sourcecode.c.c; path = regexp.c; sourceTree = SOURCE_ROOT; };
		61CB6AA3B87ECFA63FD0D258 = {isa = PBXFileReference; lastKnownFileType = sourcecode.c.c; path = rich.c; sourceTree = SOURCE_ROOT; };
		CF7336DD9275E84B22DDE230 = {isa = PBXFileReference; lastKnownFileType = sourcecode.c.c; path = sasl.c; sourceTree = SOURCE_ROOT; };
		07A45849FB9D2D026F7E35C9 = {isa = PBXFileReference; lastKnownFileType = sourcecode.c.c; path = schizo.c; sourceTree = SOURCE_ROOT; };
		97209887CF45039146439A0F = {isa = PBXFileReference; lastKnownFileType = sourcecode.c.c; path = scriptmenu.c; sourceTree = SOURCE_ROOT; };
		1A49A2B2C0CDF641DBC29D51 = {isa = PBXFileReference; lastKnownFileType = sourcecode.c.c; path = search.c; sourceTree = SOURCE_ROOT; };
		A032F06DF28CCC6F4956E5FC = {isa = PBXFileReference; lastKnownFileType = sourcecode.c.c; path = searchwin.c; sourceTree = SOURCE_ROOT; };
		28FBE77394E749C99BB9DF13 = {isa = PBXFileReference; lastKnownFileType = sourcecode.c.c; path = sendmail.c; sourceTree = SOURCE_ROOT; };
		A000A2C21C07B53A97B51375 = {isa = PBXFileReference; lastKnownFileType = sourcecode.c.c; path = setldef.c; sourceTree = SOURCE_ROOT; };
		33C3EC831077D977897020FD = {isa = PBXFileReference; lastKnownFileType = sourcecode.c.c; path = shame.c; sourceTree = SOURCE_ROOT; };
		0DCF57C66BC263003AC485FC = {isa = PBXFileReference; lastKnownFileType = sourcecode.c.c; path = signaturewin.c; sourceTree = SOURCE_ROOT; };
		8223250AA75EE21DE4918D89 = {isa = PBXFileReference; lastKnownFileType = sourcecode.c.c; path = sort.c; sourceTree = SOURCE_ROOT; };
		F3413BC7CF5B390B63A0E032 = {isa = PBXFileReference; lastKnownFileType = sourcecode.c.c; path = speechutil.c; sourceTree = SOURCE_ROOT; };
		658441F588B10279EDC235FF = {isa = PBXFileReference; lastKnownFileType = sourcecode.c.c; path = spell.c; sourceTree = SOURCE_ROOT; };
		B21E4F9E60D3D8DAD19FEF9B = {isa = PBXFileReference; lastKnownFileType = sourcecode.c.c; path = spool.c; sourceTree = SOURCE_ROOT; };
		CC4C98449700641ACBF586CD = {isa = PBXFileReference; lastKnownFileType = sourcecode.c.c; path = squish.c; sourceTree = SOURCE_ROOT; };
		D4E4F0287F35CA8FBD6EE439 = {isa = PBXFileReference; lastKnownFileType = sourcecode.c.c; path = ssl.c; sourceTree = SOURCE_ROOT; };
		A8BC9FFD22D6ACAA3CB80527 = {isa = PBXFileReference; lastKnownFileType = sourcecode.cpp.cpp; path = sslCerts.cp; sourceTree = SOURCE_ROOT; };
		0BE8EF63C7A5AE87FF05BA4B = {isa = PBXFileReference; lastKnownFileType = sourcecode.c.c; path = stationerywin.c; sourceTree = SOURCE_ROOT; };
		6E7A8243A8C878BDB4462411 = {isa = PBXFileReference; lastKnownFileType = sourcecode.c.c; path = statmng.c; sourceTree = SOURCE_ROOT; };
		7733F6F4BD8C573C5DBE5701 = {isa = PBXFileReference; lastKnownFileType = sourcecode.c.c; path = statwin.c; sourceTree = SOURCE_ROOT; };
		AA8989D552605AA4BFA1F4D5 = {isa = PBXFileReference; lastKnownFileType = sourcecode.c.c; path = stickypopup.c; sourceTree = SOURCE_ROOT; };
		024CB7975B9A32CC4A36A724 = {isa = PBXFileReference; lastKnownFileType = sourcecode.c.c; path = stringutil.c; sourceTree = SOURCE_ROOT; };
		4C0587FCE80178194A08905E = {isa = PBXFileReference; lastKnownFileType = sourcecode.c.c; path = table.c; sourceTree = SOURCE_ROOT; };
		5DD96DD82219FE6044128236 = {isa = PBXFileReference; lastKnownFileType = sourcecode.c.c; path = tabmania.c; sourceTree = SOURCE_ROOT; };
		181056AC0FDAA5050B271BD3 = {isa = PBXFileReference; lastKnownFileType = sourcecode.c.c; path = taskProgress.c; sourceTree = SOURCE_ROOT; };
		5DE4D8E7DB2D157CD064D693 = {isa = PBXFileReference; lastKnownFileType = sourcecode.c.c; path = task_ldef.c; sourceTree = SOURCE_ROOT; };
		03B0A62DEB73E5FF2786774E = {isa = PBXFileReference; lastKnownFileType = sourcecode.c.c; path = tcp.c; sourceTree = SOURCE_ROOT; };
		30F4E73304B0EB91793DD9DD = {isa = PBXFileReference; lastKnownFileType = sourcecode.c.c; path = tefuncs.c; sourceTree = SOURCE_ROOT; };
		11F08F497902EDF81B75AF68 = {isa = PBXFileReference; lastKnownFileType = sourcecode.c.c; path = textw.c; sourceTree = SOURCE_ROOT; };
		2CF18E9EC437719AFF5FD66E = {isa = PBXFileReference; lastKnownFileType = sourcecode.c.c; path = threading.c; sourceTree = SOURCE_ROOT; };
		3AE849E3E33261DEA12ACC1B = {isa = PBXFileReference; lastKnownFileType = sourcecode.c.c; path = timebomb.c; sourceTree = SOURCE_ROOT; };
		66AC3630C2A76B37ED000451 = {isa = PBXFileReference; lastKnownFileType = sourcecode.c.c; path = tlate_ldef.c; sourceTree = SOURCE_ROOT; };
		A5A0829B869F56895F85074B = {isa = PBXFileReference; lastKnownFileType = sourcecode.c.c; path = toc.c; sourceTree = SOURCE_ROOT; };
		A44CEAEFABFD37198E75CFD3 = {isa = PBXFileReference; lastKnownFileType = sourcecode.c.c; path = toolbar.c; sourceTree = SOURCE_ROOT; };
		C70A217C5CFE90A81935E208 = {isa = PBXFileReference; lastKnownFileType = sourcecode.c.c; path = toolbarpopup.c; sourceTree = SOURCE_ROOT; };
		25F0CDFC2C172799E7144C29 = {isa = PBXFileReference; lastKnownFileType = sourcecode.c.c; path = trans.c; sourceTree = SOURCE_ROOT; };
		CDC2CF921245173E10029C1C = {isa = PBXFileReference; lastKnownFileType = sourcecode.c.c; path = unicode.c; sourceTree = SOURCE_ROOT; };
		2B3298A780038022C1B64D6A = {isa = PBXFileReference; lastKnownFileType = sourcecode.c.c; path = url.c; sourceTree = SOURCE_ROOT; };
		1C9BB62CDF14C0DBC02301B6 = {isa = PBXFileReference; lastKnownFileType = sourcecode.c.c; path = util.c; sourceTree = SOURCE_ROOT; };
		7D58AD8CCD6F4F432636DBF8 = {isa = PBXFileReference; lastKnownFileType = sourcecode.c.c; path = utl.c; sourceTree = SOURCE_ROOT; };
		E58058B49104B588B134014B = {isa = PBXFileReference; lastKnownFileType = sourcecode.c.c; path = uudecode.c; sourceTree = SOURCE_ROOT; };
		6962B111FA9AC00771EB42F3 = {isa = PBXFileReference; lastKnownFileType = sourcecode.c.c; path = uupc.c; sourceTree = SOURCE_ROOT; };
		D915BFD89807899AC5F78E7D = {isa = PBXFileReference; lastKnownFileType = sourcecode.c.c; path = vcard.c; sourceTree = SOURCE_ROOT; };
		20707D978720D7D1D6560916 = {isa = PBXFileReference; lastKnownFileType = sourcecode.c.c; path = wazoo.c; sourceTree = SOURCE_ROOT; };
		FB7ECD98987D0AFB7A77D42B = {isa = PBXFileReference; lastKnownFileType = sourcecode.c.c; path = winutil.c; sourceTree = SOURCE_ROOT; };
		8210E7A700FC4F11256CC524 = {isa = PBXFileReference; lastKnownFileType = sourcecode.cpp.cpp; path = wrappers.cp; sourceTree = SOURCE_ROOT; };
		41717DAFE87C7911F8D6195E = {isa = PBXFileReference; lastKnownFileType = sourcecode.c.c; path = xml.c; sourceTree = SOURCE_ROOT; };
		E61392F771EE561EFFBC2A4D = {isa = PBXFileReference; explicitFileType = wrapper.application; path = Eudoramail.app; sourceTree = BUILT_PRODUCTS_DIR; };
		E71CB2C2F228AEB441109B93 = {isa = PBXFileReference; explicitFileType = archive.ar; path = libeditorCarbon.a; sourceTree = BUILT_PRODUCTS_DIR; };
		AC571CDEAEBE1DEEA45A800B = {isa = PBXFileReference; lastKnownFileType = text.xcconfig; path = XcodeSupport/Configs/App.xcconfig; sourceTree = SOURCE_ROOT; };
		48F533BCE4760FD84994233F = {isa = PBXFileReference; lastKnownFileType = text.xcconfig; path = XcodeSupport/Configs/Editor.xcconfig; sourceTree = SOURCE_ROOT; };
/* End PBXFileReference section */

/* Begin PBXFrameworksBuildPhase section */
		5E418B2B26B840EA9C4F2A25 = {isa = PBXFrameworksBuildPhase; buildActionMask = 2147483647; files = (
			8558414B744F871B38DFC783 /* Carbon.framework */,
			A3D764B3C65277641B51E7F0 /* ApplicationServices.framework */,
			8520E7215819EB50C663EC0D /* CoreServices.framework */,
			5B8768F4962DA101F926C4A6 /* Security.framework */,
			30B3385E36BA264D8064D558 /* SystemConfiguration.framework */,
			EB68EF4CC6021770EC44CA45 /* libeditorCarbon.a */,
		); runOnlyForDeploymentPostprocessing = 0; };
		736C223D6FA57E4A3F2EC117 = {isa = PBXFrameworksBuildPhase; buildActionMask = 2147483647; files = (
			E8A88AE0121703DE34C7D0FB /* Carbon.framework */,
		); runOnlyForDeploymentPostprocessing = 0; };
/* End PBXFrameworksBuildPhase section */

/* Begin PBXGroup section */
		547D009064F7C3F13BEF3460 = {isa = PBXGroup; children = (E61392F771EE561EFFBC2A4D, E71CB2C2F228AEB441109B93); name = Products; sourceTree = "<group>"; };
		70EB15F534D0B41C48962315 = {isa = PBXGroup; children = (CE7680F1A72EF80CE6F8EFC0, 48AB89F9616190285B6CE0D6, 8BB13422950C4743CCC0F768, F7060429E08EC5DB54CC7DEB, C83089FEF3833B3A59F21302, CC3280A2A40530221767D0C4, 4988C275D55E83D26542C1CA, 1A52A7D2783B39D37ADD1BA0, F3C3D3F69D9623445641009F, 140F6A8975872DC4FC32D49A, 0C3189292E967F141DC9241D, F773A76D1728D1B3C437E47C, FAC725D7E7EF5B517DE2C385, C05BD92D283789E831BDACF1, 22EDD68D2A695BD80F541702, D1B2640FA46F49FDE490A113, 0601DA89D7D4EABE8069A57A, C2228157EADAF5AEB575AE21, A8CC8EC6B979BC06E6237E46, 7F45F99B35C20770AFE7CE7F, E65A7B56E194221D3FF5AF28, 1254CD91F8455CA31F6CBA1F, E7FCA3DA862315FD1F56E418, 038A6E21ED02D637FEEA847A, 1C06AF3BD0D14D1AE42F4ABA, 96350A868C6315493304BA58, 1248031FFAD39776B506987B, 0BAF7D73AF6DE6E8C351A198, 70F49BA9374C79B275A37E6E, 664A88341419BBC732535E3F, 14113EB39338939358187F1B, 267820B4B0473482AFD39D84, E650B404627B1BC3D0090E63, 19E2707A02563153E766BA54, D4FBFDE4B8A46E6D932D27C1, 5A630222DA2E299458EE40DA, 9C96F92C15BE4B64203F7E0F, A61F539E1808A83B8F055863, 0024832773222A1A6D654EAE, A80D4A89EFD95A523A71F1B7, 8F30E0E3D2207208CDAB1623, E88A1081EE54682D3C0D2391, 74FD9B72803FACD7634EB11A, 505442346F2C6E90BBB89104, 716F8B7A8421DB03708140D3, F33254D65F59669E53A69DCF, F5070290125E1C93D8705018, 2423D67B3A78FC970CF7AD49, 4BC61FDC2E6165F051A121AE, 41CB8804338E01659CF89854, DB4289C78769D1D64F8D72A5, E4249B6E72938D5DDBDC8294, 4CC0766A1E94156AE139AB43, 720EC1FBB77768371A51AED2, 6F59F8F13D8FB82E15F0AF94, 4B49B3503FDD5B9E27E994D2, DAAD57016ADBD17D603D4EAE, EA7EA575CED2867AEC541D9E, 9A90BF41F48FDAA16006431F, E7D9954F594C50CE5DC5A07A, 544FC70FE48BA821BD7794D5, DCD06E6E98BC5AFA117A5077, C3C41298383BEE98D6CC8546, FE22C402083A79E86BD15D51, B0688DEC8D9734ED03895987, 869CAB79C706A392E3B85DAB, A67FCBC3D0DF4C0311563990, 1D308C95DFEC2213B831B6A7, 309948B0A8CCD0F6548FEB86, BC5035C065F4BEF92E97F9BF, 4322138B27D1F79CB6244F4A, 61CB6AA3B87ECFA63FD0D258, 07A45849FB9D2D026F7E35C9, 1A49A2B2C0CDF641DBC29D51, 28FBE77394E749C99BB9DF13, A000A2C21C07B53A97B51375, 33C3EC831077D977897020FD, 0DCF57C66BC263003AC485FC, 8223250AA75EE21DE4918D89, CC4C98449700641ACBF586CD, 0BE8EF63C7A5AE87FF05BA4B, AA8989D552605AA4BFA1F4D5, 03B0A62DEB73E5FF2786774E, 30F4E73304B0EB91793DD9DD, 11F08F497902EDF81B75AF68, 2CF18E9EC437719AFF5FD66E, 3AE849E3E33261DEA12ACC1B, 66AC3630C2A76B37ED000451, A5A0829B869F56895F85074B, A44CEAEFABFD37198E75CFD3, 25F0CDFC2C172799E7144C29, 1BCC6B8526E6E0CBAE7FC850, 2B3298A780038022C1B64D6A, 1C9BB62CDF14C0DBC02301B6, 7D58AD8CCD6F4F432636DBF8, E58058B49104B588B134014B, 6962B111FA9AC00771EB42F3, 20707D978720D7D1D6560916, FB7ECD98987D0AFB7A77D42B, 09D5143C4FBB4939360A70D0, 01D2755A5EAA0FEE625F6771, ED91723164FF885151AA7ED8, 181056AC0FDAA5050B271BD3, 0EC51DAEADBA5924EEDA3AD6, 5DE4D8E7DB2D157CD064D693, 1FBDF9968628EAB67F8E7A15, B56D083236E27106A5602DD7, 016A7729C23AC39A49B3AD9C, CDC2CF921245173E10029C1C, 658441F588B10279EDC235FF, A032F06DF28CCC6F4956E5FC, ABAA3D7348B191EE70DC7C74, F3413BC7CF5B390B63A0E032, DD77C31606F5075294636729, B21E4F9E60D3D8DAD19FEF9B, 2B8D16A9910BAB80471E2D7A, 024CB7975B9A32CC4A36A724, 08023D918E32CF4AB1C1DA03, CA59A2095AA5CC03CEFB4853, 64684FA5EE7568233AFA24EE, 522D1827487014226BC11D4E, D91E80A07C20FAF3AE299645, 38CC81911EACFADBEC39A2E3, A6F0A8882DA2D4E731E3EA18, 53AD866032CA5BF0EA65A6CE, 6C88847A171A4D8CC7CFAE3C, EFACB67C6DE35134C20848E6, A576EDA1AEC12691C45ACA0B, 4C0587FCE80178194A08905E, 7733F6F4BD8C573C5DBE5701, 9A4A7A82246919349F719C65, 6E7A8243A8C878BDB4462411, BCF774D2FE05A59FBB854629, AD40FFB95B3352464710C0DF, 41717DAFE87C7911F8D6195E, 97209887CF45039146439A0F, A292CBD918259728F1B2122E, 5DD96DD82219FE6044128236, 27AE346BFB377D79B6D4FA1F, D4E4F0287F35CA8FBD6EE439, C70A217C5CFE90A81935E208, ECDCF88832C466AA10A30D2E, D915BFD89807899AC5F78E7D, 165ECCB26B911B767ACF8229, CF7336DD9275E84B22DDE230, 3CDAC0B36791333317AA414E, A8BC9FFD22D6ACAA3CB80527, 8210E7A700FC4F11256CC524, 1503AE48C88489A84CD1CCF0, F9A2B967816D06F3E0857FBF, 98EA387679A0E0E23E140818, 119447F30A8BCC95BB628A83, 2FB5C006F0A36995FC14CB74, 37BEEBAC62146E13EA8E2F6F, BC62A41877060CD43DEA33EF, 48257EA36DE821A0B1FF66D8, B3E64ADA0A9C46568FF5CB9F, FBDEDA8D51ECD3C757437ADB, EAD29E321501A8B4E83C09D6); name = AppSources; sourceTree = "<group>"; };
		66BB76A8B7FE652DB9A3DC4F = {isa = PBXGroup; children = (9D37AFB86D5BD2923FF1EB2D, 1A18F8F7A07228C55513AFC2, 8BD35981616EA92CB231DE85, 1A145CEE3861F5A1D9A6085D, 493E5FD3D46B6EBF7053C94E, CA19CEF56DD7BF1206CB3546, EEF1B3CC41CDE45803DC03D3, 4C72C0A37F5FB148C01E5F72, FF7913319D8448E9EA61F9E0, 6C52EDC658CA1FFAF808F4AA, 533071205E5A90FB0CBE6E99, FC7BF188EEA6F5CEF8B8BE9D, E6FF4F3E708481D1E7101CBE, 5777265720EB762B09A31CC0, C72806BEE5F14B180325E494, 414D213475554132E5AD07C0, 1C97AF45DF9F5E679CC10296, 09E6BDFA0052F05AE83DDB22, 3305FA8FA45A2C59844CD24D, 4D9ED5CF275EF19C1307D19C, B3009B3303A1FBAE0E158029, 3604585D3A958F06CD41B7AF, FB3C747FA884BD16D7D57BC8, 1A2CD52F470CA9949B30E9F4, 571AF23A7E6CE7E42254154F, 6B4C4C32BE1DBA15113ED5DB); name = EditorSources; sourceTree = "<group>"; };
		2ADD8FE78E6D6FA4D01D77F0 = {isa = PBXGroup; children = (D2DF354837D4CDFC89BEDD0D, 6E9897F813E0E621ACA25AFA, AC571CDEAEBE1DEEA45A800B, 48F533BCE4760FD84994233F); name = BuildSupport; sourceTree = "<group>"; };
		B9340614599AB78F485950C7 = {isa = PBXGroup; children = (70EB15F534D0B41C48962315, 66BB76A8B7FE652DB9A3DC4F, 2ADD8FE78E6D6FA4D01D77F0, 547D009064F7C3F13BEF3460); sourceTree = "<group>"; };
/* End PBXGroup section */

/* Begin PBXNativeTarget section */
		E3435DDA2687639586BF0B70 = {isa = PBXNativeTarget; buildConfigurationList = 1D97B77EAD2380603A3F2A82 /* Build configuration list for PBXNativeTarget "Eudora" */; buildPhases = (D14A999CE28DFE1383C518B5, 6EE5519CFE74AFC9313A6B2C, 5E418B2B26B840EA9C4F2A25, 3BD34C48B5C5280A6979C3A1, F8C1D5735908FABE531D83B0); buildRules = (); dependencies = (17013B8082E51939F8C3D105); name = Eudora; productName = Eudoramail; productReference = E61392F771EE561EFFBC2A4D /* Eudoramail.app */; productType = "com.apple.product-type.application"; };
		DC8F5CDD6CE5DAB6FFD6F0E2 = {isa = PBXNativeTarget; buildConfigurationList = 5179BCCB8D1D5E15E627E0E3 /* Build configuration list for PBXNativeTarget "editorCarbon" */; buildPhases = (EB8F41DEB1A0BE7D9842C9F0, 736C223D6FA57E4A3F2EC117); buildRules = (); dependencies = (); name = editorCarbon; productName = editorCarbon; productReference = E71CB2C2F228AEB441109B93 /* libeditorCarbon.a */; productType = "com.apple.product-type.library.static"; };
/* End PBXNativeTarget section */

/* Begin PBXProject section */
		46F86FAA6BBF9AC94A7E4595 = {isa = PBXProject; attributes = {LastUpgradeCheck = 0940; ORGANIZATIONNAME = HERMES; TargetAttributes = { }; }; buildConfigurationList = 1F4E3D13C2320EDA50221924 /* Build configuration list for PBXProject "EudoraXcode" */; compatibilityVersion = "Xcode 9.3"; developmentRegion = English; hasScannedForEncodings = 0; knownRegions = (en); mainGroup = B9340614599AB78F485950C7; productRefGroup = 547D009064F7C3F13BEF3460; projectDirPath = ""; projectRoot = ""; targets = (E3435DDA2687639586BF0B70, DC8F5CDD6CE5DAB6FFD6F0E2); };
/* End PBXProject section */

/* Begin PBXResourcesBuildPhase section */
		3BD34C48B5C5280A6979C3A1 = {isa = PBXResourcesBuildPhase; buildActionMask = 2147483647; files = (CA78D4A5815C9D465FDA50A1, 4A26DB856E1832E90DE83908); runOnlyForDeploymentPostprocessing = 0; };
/* End PBXResourcesBuildPhase section */

/* Begin PBXShellScriptBuildPhase section */
		D14A999CE28DFE1383C518B5 = {isa = PBXShellScriptBuildPhase; buildActionMask = 2147483647; files = (); inputPaths = (); name = "Build Vendored OpenSSL"; outputPaths = (); runOnlyForDeploymentPostprocessing = 0; shellPath = /bin/sh; shellScript = "cd \"$SRCROOT\"\\npython3 Scripts/build_openssl.py"; showEnvVarsInLog = 0; };
		F8C1D5735908FABE531D83B0 = {isa = PBXShellScriptBuildPhase; buildActionMask = 2147483647; files = (); inputPaths = (); name = "Build Legacy Resources"; outputPaths = (); runOnlyForDeploymentPostprocessing = 0; shellPath = /bin/sh; shellScript = "cd \"$SRCROOT\"\\npython3 Scripts/build_resources.py --bundle-resources-dir \"$TARGET_BUILD_DIR/$UNLOCALIZED_RESOURCES_FOLDER_PATH\""; showEnvVarsInLog = 0; };
/* End PBXShellScriptBuildPhase section */

/* Begin PBXSourcesBuildPhase section */
		6EE5519CFE74AFC9313A6B2C = {isa = PBXSourcesBuildPhase; buildActionMask = 2147483647; files = (66F091952B1C0DEC31C151D8, 3515798456C70D227AD577BF, 9A192B4E24E7902242A8D79E, D8C8DA8D3C30A53D78823077, 22BC297A22BE07A2E3BFE563, C58817C5ACFB8D15A8330928, DEBEFB2E8CC61F4FFECCC5CD, 840C857C2B9A5100BF274E62, 1FB092AFA0AB5B12509C77BE, 85025A93E6C9B56A7DBFF849, 3B9F893B385A30031FD977BA, D4E0C4F50FD60CEEF21D61F8, 155C9A655A4B863681355789, 3941B4D530EAE21A5301C319, F280C7A99CD75BA3D18D3BCB, 29EEB5ABD50A2564C7D4493D, 1D35AE622E6042AB4D8D717A, D761F951945A976CEF006FA2, CF07F2085B0CC55FACECF97E, 41574C05DFC7D55CA101C934, 5C56C3D70A46C514D2783671, B88C5C33B03D7B4F91318781, 2AF4C41EB67C49F005644D60, 1FF7C9CB04EFB845B35870B8, 784D21961850AA51EC601716, 30667A72E4E9BAE4B7935B5B, 59B0BE973ABD01EDE494179C, B6E96A4F3074894335ACB5F3, A7C7131400F2F39E061A9FDF, D99A796455E6C410A5493209, 36DF2640BB79CB9A6AE5B145, 580F7E6EC0568E25A52BDBA4, 91197358A415A1B3C4BCCF85, C8626BE2C3F71E68D3C9F868, 57EADA93CEF12A81813AA551, 8FDD59146C424D999E322BEA, 93BA4D2956B487496DAD834F, 66B11A610862DDDB08C7ABAF, AA14843511C9A9344B2FAC88, E5A8A7E80E1F86CA7794A47A, 5C46C4B37E1E2BE2262928A5, 9E3A0DD7F4AF3C6F8025E821, B4A6CB23BEC50476BDBD951F, 389A1A2D1BD85FBF895A64F4, 2685813A8450BE43C1E8642E, B144AEAE066F0B547C7A62AF, 610FEDD8AB158F93D1E6ADE5, B06D206CB457FF02923A0D6B, 372EB197FDC54A9466E411F8, 22D879D38888B93E5642EE6A, CC2D2A4932686E9CC63C7D73, 54CC784A61B7EA1B59267F47, 8B0B0D1AF9F9867DB49C8F38, 661945466D567AA9EDDB4D84, 6EE02888B4F4415765AFB315, 2B917E1F6E5674FD5A8087AA, 77AFF25EABE3D362EBDB5FEF, DFD1B3C5FA2325C767D08C24, 81B8237FD874397793FBA844, 4231337D50018EE471EE29BE, DF97B3AD1E4B140BCEAF8686, 5BC71250FC980DB1CA4E28B4, 03A5E0383BFC7B86507FB3C4, B0C9D90CE744C6DB6DCE9BC7, 35060A36D40FAB640F81312F, C464BC9B662A724FF6EB6653, 6A6BB4B2C3876C6C5762BDFB, 18205F9F12FAB521BE4F5EEB, 88A2503782D80C0D084970EF, 9D5D74AB3491A9513BB413A0, 518E00B52A18F71BC4F5F21F, 1E27CB913DDEEEF188EF1370, 870A2925F0CC2C24AA683E27, B32B2E9C1F133E8E6F5E103B, BF6649C2B547150E85AC07BF, 469F2FF01EC47EF406EFECB5, ABD72F5D7B856AE1BFBAF060, D37A5224632FDA305CE170BC, 6197AC96592CF86BF783E1F3, 7C0DD0ECA8A66D9049CAC3FB, 1B75603640BA82A1320F3421, 7CAFC937CF6F0953CE8BB5F3, 4F591D07C0B923E913271858, 6951C2DB8E8A67DF8810DEF3, C92A08CC9708BD0288663CF0, E29E9185E889E51D52589997, 7CCAA006F3466417C0256383, BDE3BC424AC697FC01DFFC43, FE72F92F9CB5DAE03D2FD7B3, 402A800CE6615A1A35A52D88, E96542013D7C500496F7F15D, EB7F0FE3BF38B9408E45278F, E6ECE5BF698E7E185D4C5437, 223A449B63FC93B35DCC43A5, AC5D1D82155FA976DFD26B34, 6E4338FB5AFEC2DEB8BD1F39, 44B0B9AE8C3B78AFCA36025F, B5A48759BA8A7D40DC8947AB, FF6E5A2675AE04C7A741B2E7, C6F5087B51C667A19AF29702, 47A51E7272FE61D78D1FA8B3, 7EE0004C906CE861AB40A4AC, ADDB5886AD6B8ED91AFD6A10, FC98C957D561DBA447917879, 78FB41CD56EF2A579BA70030, 3028A3C360C7FB6F1DB70C71, ED9A569E3622A07EC5B599AD, 824B61DE0CA68682C87C3EB5, A29851B2FEE2EC9D94DF7D1C, 22E6BB2C0BC70B95BCC1F102, C2344743A42EC40891887DE3, BF318E035BF376A695E7BCE8, 157E08D69B4C9E549CC87DF0, 62FD57729DF323FE00ABE1FF, 4CDEB37304158609BF926F1C, 97CC41C8297D919E424A9831, E78A902942864750C4B071C1, 85B0991C0A31285F1F05C011, EB3EE29CD8EAACEAECF37448, DDF025A50FAA15E6FEE93732, 07C4B77390627AB6A5597924, 257C3E0731FF99FA08D0D3C3, 053571A8362E02F28AA677CC, 4A300DD6B11E51826AEF49F2, 9F56012000878A16EFDE1CDF, 9759AA6A798F905CA009FDC2, E2B07AE1F3666DCED2AA3074, 440F8DF1EAADFB600A9B9028, 91AEABF12FF3E3D5647ADEB8, 26D1B2B9B64CC9AD36020E23, 2BBC7AD43D74AF514B8565DE, 02F8E53DD50CFF843C9AE0AD, E9C78AE270DFECECA7471E0A, E12E43E65D39D95F0F42E1C4, E8BFCA5CEABFF608AB2A4ACE, E08E4BEBE3B48FCB7E4437D6, 1C12340B894C40CC5B59EF0B, 7E87FB145FCFA98F15427CAE, 75430EB01A99EE490966A876, 603FA8A19A073B1AC1C52DF9, 75AE57B09349EC4EFE075570, 30DA7F0F1CC96CCEBAD23E9F, 8DEAE3F9E88F3FD26AFBBE47, B836E46BE9A73A7D4C01446A, ED08261E1565F9464AAB901A, 05EF9E53CCBCAFA09CDB34A1, EE87842A4BDEC205F717B7D9, A99191ADCBB7081C2939768B, 9C17F00D3A689004C612767A, 58A8CC052DDB912B032658E1, 4651B38DC635ACEF1CB4E3D3, CEDEF7EDA620B3C7D84B1649, EFD3641A1DA1DBFD6E5C06C0, 0548D3331A5503EBBD1A2D9F, 3BC69229AB111DFAF1AD0464, 1D90111AA12723D572A30C86, 8479425366C8E59F736EA8A3, 47F9896465313B7DBD0A7826, D868E824B9E055AA25CFA57A); runOnlyForDeploymentPostprocessing = 0; };
		EB8F41DEB1A0BE7D9842C9F0 = {isa = PBXSourcesBuildPhase; buildActionMask = 2147483647; files = (5BCA916549871B2FB3184265, 869547EDC7AC99E2CB49B53E, 9FF33B3EDF09E9464D20B518, 4CC9D93730503A32788D61B4, B0FD6AF3EBAD077434D73B97, 9BBA91E344658E5EE37D0A92, 2FED8E3C438C4C6FA31D7C46, 7AD13EA15B6DF69DA538C763, 19659367EB060C7D9EC4E73D, F26BE774813A25186056F7FE, EC230AD952094E6C07E22EB0, 070106BE429DCA1307F161B9, 1FBD5DA1CE10DE2A6413FF57, 718E7D73D70A6A4A2B60FE72, CEBD31B2FB895D9D1B439289, 84F9EA178920AF54F7D2436F, 0585A60DC2D3A0A441F2A74B, 8B9B7D7DBCD921758A24E8B4, 0D03D7F40E1F18D8AB2F7C5A, AF30ECC5ABCF0E8ED46F6466, D70F09F162D0C38664345ACF, 29FAB9D0DCF0D5545ABF92CC, 791F01749730DFCAA5614C60, D69D928FF054901B43E4C293, 44508EAF4E357E98E9010A28, 726A6D05F71A2E1BDB688AE0); runOnlyForDeploymentPostprocessing = 0; };
/* End PBXSourcesBuildPhase section */

/* Begin PBXTargetDependency section */
		17013B8082E51939F8C3D105 = {isa = PBXTargetDependency; name = editorCarbon; target = DC8F5CDD6CE5DAB6FFD6F0E2 /* editorCarbon */; targetProxy = 06D34BBB949D62C93FADDB62 /* PBXContainerItemProxy */; };
/* End PBXTargetDependency section */

/* Begin XCBuildConfiguration section */
		969595A508627F35A110362C = {
			isa = XCBuildConfiguration;
			buildSettings = {
				SDKROOT = macosx10.13;
			};
			name = Debug;
		};
		4C95F91A6D5CD87BB5DB8FDD = {
			isa = XCBuildConfiguration;
			buildSettings = {
				SDKROOT = macosx10.13;
			};
			name = Release;
		};
		C0DD1C3E4BFC124D878FE440 = {
			isa = XCBuildConfiguration;
			baseConfigurationReference = AC571CDEAEBE1DEEA45A800B /* App.xcconfig */;
			buildSettings = {
				DEBUG_INFORMATION_FORMAT = dwarf;
				GCC_OPTIMIZATION_LEVEL = 0;
				ONLY_ACTIVE_ARCH = YES;
			};
			name = Debug;
		};
		699FCDBED06EC64C8A6B513F = {
			isa = XCBuildConfiguration;
			baseConfigurationReference = AC571CDEAEBE1DEEA45A800B /* App.xcconfig */;
			buildSettings = {
				DEBUG_INFORMATION_FORMAT = "dwarf-with-dsym";
				GCC_OPTIMIZATION_LEVEL = s;
				ONLY_ACTIVE_ARCH = NO;
			};
			name = Release;
		};
		B14B44F8A94EBF3E5567B3BB = {
			isa = XCBuildConfiguration;
			baseConfigurationReference = 48F533BCE4760FD84994233F /* Editor.xcconfig */;
			buildSettings = {
				DEBUG_INFORMATION_FORMAT = dwarf;
				GCC_OPTIMIZATION_LEVEL = 0;
				ONLY_ACTIVE_ARCH = YES;
			};
			name = Debug;
		};
		BD4E0834A0D6CA7EEE825C65 = {
			isa = XCBuildConfiguration;
			baseConfigurationReference = 48F533BCE4760FD84994233F /* Editor.xcconfig */;
			buildSettings = {
				DEBUG_INFORMATION_FORMAT = "dwarf-with-dsym";
				GCC_OPTIMIZATION_LEVEL = s;
				ONLY_ACTIVE_ARCH = NO;
			};
			name = Release;
		};
/* End XCBuildConfiguration section */

/* Begin XCConfigurationList section */
		1F4E3D13C2320EDA50221924 = {isa = XCConfigurationList; buildConfigurations = (969595A508627F35A110362C, 4C95F91A6D5CD87BB5DB8FDD); defaultConfigurationIsVisible = 0; defaultConfigurationName = Release; };
		1D97B77EAD2380603A3F2A82 = {isa = XCConfigurationList; buildConfigurations = (C0DD1C3E4BFC124D878FE440, 699FCDBED06EC64C8A6B513F); defaultConfigurationIsVisible = 0; defaultConfigurationName = Release; };
		5179BCCB8D1D5E15E627E0E3 = {isa = XCConfigurationList; buildConfigurations = (B14B44F8A94EBF3E5567B3BB, BD4E0834A0D6CA7EEE825C65); defaultConfigurationIsVisible = 0; defaultConfigurationName = Release; };
/* End XCConfigurationList section */

	};
	rootObject = 46F86FAA6BBF9AC94A7E4595 /* Project object */;
}
